{
  "nodes": {
    "nixpkgs": {
      "locked": {
        "lastModified": 1772956932,
        "narHash": "sha256-M0yS4AafhKxPPmOHGqIV0iKxgNO8bHDWdl1kOwGBwRY=",
        "owner": "NixOS",
        "repo": "nixpkgs",
        "rev": "608d0cadfed240589a7eea422407a547ad626a14",
        "type": "github"
      },
      "original": {
        "owner": "NixOS",
        "ref": "nixpkgs-unstable",
        "repo": "nixpkgs",
        "type": "github"
      }
    },
    "papermario-dx": {
      "flake": false,
      "locked": {
        "lastModified": 1789052701,
        "narHash": "sha256-r3pmOoibS8Ah8bWbfg4vj2b7phSk1PneCK/mXoBCMkk=",
        "owner": "bates64",
        "repo": "papermario-dx",
        "rev": "fd9c96ff085e86839939214ac9f5d97ba17c055d",
        "type": "github"
      },
      "original": {
        "owner": "bates64",
        "repo": "papermario-dx",
        "type": "github"
      }
    },
    "root": {
      "inputs": {
        "nixpkgs": "nixpkgs",
        "papermario-dx": "papermario-dx",
        "star-rod-classic": "star-rod-classic"
      }
    },
    "star-rod-classic": {
      "flake": false,
      "locked": {
        "lastModified": 1787250502,
        "narHash": "sha256-tYYIC2L9O6FVdAou92wgZnndE3flMs7ipgWpZ7vPyyE=",
        "owner": "z64a",
        "repo": "star-rod-classic",
        "rev": "463becb8bb15fe11da50405188edff3379997ebf",
        "type": "github"
      },
      "original": {
        "owner": "z64a",
        "repo": "star-rod-classic",
        "type": "github"
      }
    }
  },
  "root": "root",
  "version": 7
}
