{
  "nodes": {
    "nixpkgs": {
      "locked": {
        "lastModified": 1772956932,
        "narHash": "sha256-M0yS4AafhKxPPmOHGqIV0iKxgNO8bHDWdl1kOwGBwRY=",
        "owner": "NixOS",
        "repo": "nixpkgs",
        "rev": "608d0cadfed240589a7eea422407a547ad626a14",
        "type": "github"
      },
      "original": {
        "owner": "NixOS",
        "ref": "nixpkgs-unstable",
        "repo": "nixpkgs",
        "type": "github"
      }
    },
    "papermario-dx": {
      "flake": false,
      "locked": {
        "lastModified": 1779955193,
        "narHash": "sha256-c+Al0MtHWQYVnohcT1YAN0+bc548evVqRSAgbHG8gzc=",
        "owner": "bates64",
        "repo": "papermario-dx",
        "rev": "60198f853067d9c256b71660fc8fef9244f6f797",
        "type": "github"
      },
      "original": {
        "owner": "bates64",
        "repo": "papermario-dx",
        "type": "github"
      }
    },
    "root": {
      "inputs": {
        "nixpkgs": "nixpkgs",
        "papermario-dx": "papermario-dx"
      }
    }
  },
  "root": "root",
  "version": 7
}
