{
  "nodes": {
    "nixpkgs": {
      "locked": {
        "lastModified": 1772956932,
        "narHash": "sha256-M0yS4AafhKxPPmOHGqIV0iKxgNO8bHDWdl1kOwGBwRY=",
        "owner": "NixOS",
        "repo": "nixpkgs",
        "rev": "608d0cadfed240589a7eea422407a547ad626a14",
        "type": "github"
      },
      "original": {
        "owner": "NixOS",
        "ref": "nixpkgs-unstable",
        "repo": "nixpkgs",
        "type": "github"
      }
    },
    "papermario-dx": {
      "flake": false,
      "locked": {
        "lastModified": 1782352991,
        "narHash": "sha256-6A7xRpbgt3awP9S4t2nxG9nwGEyykT/UypcOPTukeTM=",
        "owner": "bates64",
        "repo": "papermario-dx",
        "rev": "58cf687cf7bc3fd3311cdb8cf85a41bb9c055714",
        "type": "github"
      },
      "original": {
        "owner": "bates64",
        "repo": "papermario-dx",
        "type": "github"
      }
    },
    "root": {
      "inputs": {
        "nixpkgs": "nixpkgs",
        "papermario-dx": "papermario-dx"
      }
    }
  },
  "root": "root",
  "version": 7
}
